
Microsoft Visual Studio Solution File, Format Version 12.00
# Visual Studio Version 17
VisualStudioVersion = 17.1.32210.238
MinimumVisualStudioVersion = 10.0.40219.1
Project("{FAE04EC0-301F-11D3-BF4B-00C04F79EFBC}") = "LootPlacesWeb", "LootPlacesWeb.csproj", "{01A8F030-660A-4B6B-B924-BA68ADC022EA}"
EndProject
Global
	GlobalSection(SolutionConfigurationPlatforms) = preSolution
		Debug|Any CPU = Debug|Any CPU
		Release|Any CPU = Release|Any CPU
	EndGlobalSection
	GlobalSection(ProjectConfigurationPlatforms) = postSolution
		{01A8F030-660A-4B6B-B924-BA68ADC022EA}.Debug|Any CPU.ActiveCfg = Debug|Any CPU
		{01A8F030-660A-4B6B-B924-BA68ADC022EA}.Debug|Any CPU.Build.0 = Debug|Any CPU
		{01A8F030-660A-4B6B-B924-BA68ADC022EA}.Release|Any CPU.ActiveCfg = Release|Any CPU
		{01A8F030-660A-4B6B-B924-BA68ADC022EA}.Release|Any CPU.Build.0 = Release|Any CPU
	EndGlobalSection
	GlobalSection(SolutionProperties) = preSolution
		HideSolutionNode = FALSE
	EndGlobalSection
	GlobalSection(ExtensibilityGlobals) = postSolution
		SolutionGuid = {F6EC67BE-A8F9-4B1C-BA9A-29FA89EA5313}
	EndGlobalSection
EndGlobal
